<?xml version="1.0" encoding="utf-8"?>
<Project ToolsVersion="4.0" xmlns="http://schemas.microsoft.com/developer/msbuild/2003">
  <ItemGroup>
    <Filter Include="win32">
      <UniqueIdentifier>{84a8ebd7-7cf0-47f6-b75e-d441df67da40}</UniqueIdentifier>
    </Filter>
    <Filter Include="resource">
      <UniqueIdentifier>{715254bc-d70b-4ec5-bf29-467dd3ace079}</UniqueIdentifier>
    </Filter>
    <Filter Include="Classes">
      <UniqueIdentifier>{851b58b6-ae6e-4aae-a886-a39110ca5486}</UniqueIdentifier>
    </Filter>
    <Filter Include="Classes\Example">
      <UniqueIdentifier>{dfbd4d00-4bdc-4cbf-bb91-748e88d35dc9}</UniqueIdentifier>
    </Filter>
  </ItemGroup>
  <ItemGroup>
    <ClCompile Include="main.cpp">
      <Filter>win32</Filter>
    </ClCompile>
    <ClCompile Include="..\Classes\DirectorCustom.cpp">
      <Filter>Classes</Filter>
    </ClCompile>
    <ClCompile Include="..\Classes\AppDelegate.cpp">
      <Filter>Classes</Filter>
    </ClCompile>
    <ClCompile Include="..\Classes\Example\Demo1.cpp">
      <Filter>Classes\Example</Filter>
    </ClCompile>
    <ClCompile Include="..\Classes\Example\DemoBase.cpp">
      <Filter>Classes\Example</Filter>
    </ClCompile>
    <ClCompile Include="..\Classes\Example\Demo2.cpp">
      <Filter>Classes\Example</Filter>
    </ClCompile>
    <ClCompile Include="..\Classes\Example\Demo3.cpp">
      <Filter>Classes\Example</Filter>
    </ClCompile>
  </ItemGroup>
  <ItemGroup>
    <ClInclude Include="main.h">
      <Filter>win32</Filter>
    </ClInclude>
    <ClInclude Include="..\Classes\DirectorCustom.h">
      <Filter>Classes</Filter>
    </ClInclude>
    <ClInclude Include="..\Classes\AppDelegate.h">
      <Filter>Classes</Filter>
    </ClInclude>
    <ClInclude Include="..\Classes\Example\Demo1.h">
      <Filter>Classes\Example</Filter>
    </ClInclude>
    <ClInclude Include="..\Classes\Example\DemoBase.h">
      <Filter>Classes\Example</Filter>
    </ClInclude>
    <ClInclude Include="..\Classes\Example\Demo2.h">
      <Filter>Classes\Example</Filter>
    </ClInclude>
    <ClInclude Include="..\Classes\Example\Demo3.h">
      <Filter>Classes\Example</Filter>
    </ClInclude>
  </ItemGroup>
  <ItemGroup>
    <ResourceCompile Include="game.rc">
      <Filter>resource</Filter>
    </ResourceCompile>
  </ItemGroup>
</Project>